# IF THERE'S A GIT CONFLICT IN THIS FILE, DON'T SOLVE IT MANUALLY!
# INSTEAD EXECUTE `prisma migrate fix`
# Prisma Migrate lockfile v1
# Read more about conflict resolution here: TODO

20200502105951-initialize
20200510141106-time-since-last-refresh
20200510142405-refreshed-at
20200515194855-tokens
20200517094456-remove-default-nows
20200517094513-add-in-default-nows
20200517154725-ids-as-strings
20200517160255-remove-tokens-from-db